// !$*UTF8*$!
{
	archiveVersion = 1;
	classes = {
	};
	objectVersion = 50;
	objects = {

/* Begin PBXBuildFile section */
		AE93EAAA21B6C2E400BA45C3 /* AppDelegate.swift in Sources */ = {isa = PBXBuildFile; fileRef = AE93EAA921B6C2E400BA45C3 /* AppDelegate.swift */; };
		AE93EAAC21B6C2E400BA45C3 /* ViewController.swift in Sources */ = {isa = PBXBuildFile; fileRef = AE93EAAB21B6C2E400BA45C3 /* ViewController.swift */; };
		AE93EAAF21B6C2E400BA45C3 /* Main.storyboard in Resources */ = {isa = PBXBuildFile; fileRef = AE93EAAD21B6C2E400BA45C3 /* Main.storyboard */; };
		AE93EAB121B6C2E700BA45C3 /* Assets.xcassets in Resources */ = {isa = PBXBuildFile; fileRef = AE93EAB021B6C2E700BA45C3 /* Assets.xcassets */; };
		AE93EAB421B6C2E700BA45C3 /* LaunchScreen.storyboard in Resources */ = {isa = PBXBuildFile; fileRef = AE93EAB221B6C2E700BA45C3 /* LaunchScreen.storyboard */; };
		AE93EABF21B6C48800BA45C3 /* 3.jpeg in Resources */ = {isa = PBXBuildFile; fileRef = AE93EABC21B6C48700BA45C3 /* 3.jpeg */; };
		AE93EAC021B6C48800BA45C3 /* 5.jpeg in Resources */ = {isa = PBXBuildFile; fileRef = AE93EABD21B6C48800BA45C3 /* 5.jpeg */; };
		AE93EAC221B6C73000BA45C3 /* 15.jpeg in Resources */ = {isa = PBXBuildFile; fileRef = AE93EAC121B6C73000BA45C3 /* 15.jpeg */; };
		AE93EAC621B6C93100BA45C3 /* 1.jpeg in Resources */ = {isa = PBXBuildFile; fileRef = AE93EAC521B6C93100BA45C3 /* 1.jpeg */; };
/* End PBXBuildFile section */

/* Begin PBXFileReference section */
		AE93EAA621B6C2E400BA45C3 /* nabeatsu.app */ = {isa = PBXFileReference; explicitFileType = wrapper.application; includeInIndex = 0; path = nabeatsu.app; sourceTree = BUILT_PRODUCTS_DIR; };
		AE93EAA921B6C2E400BA45C3 /* AppDelegate.swift */ = {isa = PBXFileReference; lastKnownFileType = sourcecode.swift; path = AppDelegate.swift; sourceTree = "<group>"; };
		AE93EAAB21B6C2E400BA45C3 /* ViewController.swift */ = {isa = PBXFileReference; lastKnownFileType = sourcecode.swift; path = ViewController.swift; sourceTree = "<group>"; };
		AE93EAAE21B6C2E400BA45C3 /* Base */ = {isa = PBXFileReference; lastKnownFileType = file.storyboard; name = Base; path = Base.lproj/Main.storyboard; sourceTree = "<group>"; };
		AE93EAB021B6C2E700BA45C3 /* Assets.xcassets */ = {isa = PBXFileReference; lastKnownFileType = folder.assetcatalog; path = Assets.xcassets; sourceTree = "<group>"; };
		AE93EAB321B6C2E700BA45C3 /* Base */ = {isa = PBXFileReference; lastKnownFileType = file.storyboard; name = Base; path = Base.lproj/LaunchScreen.storyboard; sourceTree = "<group>"; };
		AE93EAB521B6C2E700BA45C3 /* Info.plist */ = {isa = PBXFileReference; lastKnownFileType = text.plist.xml; path = Info.plist; sourceTree = "<group>"; };
		AE93EABC21B6C48700BA45C3 /* 3.jpeg */ = {isa = PBXFileReference; lastKnownFileType = image.jpeg; path = 3.jpeg; sourceTree = "<group>"; };
		AE93EABD21B6C48800BA45C3 /* 5.jpeg */ = {isa = PBXFileReference; lastKnownFileType = image.jpeg; path = 5.jpeg; sourceTree = "<group>"; };
		AE93EAC121B6C73000BA45C3 /* 15.jpeg */ = {isa = PBXFileReference; lastKnownFileType = image.jpeg; path = 15.jpeg; sourceTree = "<group>"; };
		AE93EAC521B6C93100BA45C3 /* 1.jpeg */ = {isa = PBXFileReference; lastKnownFileType = image.jpeg; name = 1.jpeg; path = ../../../../../Desktop/1.jpeg; sourceTree = "<group>"; };
/* End PBXFileReference section */

/* Begin PBXFrameworksBuildPhase section */
		AE93EAA321B6C2E400BA45C3 /* Frameworks */ = {
			isa = PBXFrameworksBuildPhase;
			buildActionMask = 2147483647;
			files = (
			);
			runOnlyForDeploymentPostprocessing = 0;
		};
/* End PBXFrameworksBuildPhase section */

/* Begin PBXGroup section */
		AE93EA9D21B6C2E400BA45C3 = {
			isa = PBXGroup;
			children = (
				AE93EAA821B6C2E400BA45C3 /* nabeatsu */,
				AE93EAA721B6C2E400BA45C3 /* Products */,
			);
			sourceTree = "<group>";
		};
		AE93EAA721B6C2E400BA45C3 /* Products */ = {
			isa = PBXGroup;
			children = (
				AE93EAA621B6C2E400BA45C3 /* nabeatsu.app */,
			);
			name = Products;
			sourceTree = "<group>";
		};
		AE93EAA821B6C2E400BA45C3 /* nabeatsu */ = {
			isa = PBXGroup;
			children = (
				AE93EAA921B6C2E400BA45C3 /* AppDelegate.swift */,
				AE93EAAB21B6C2E400BA45C3 /* ViewController.swift */,
				AE93EAAD21B6C2E400BA45C3 /* Main.storyboard */,
				AE93EAC121B6C73000BA45C3 /* 15.jpeg */,
				AE93EABC21B6C48700BA45C3 /* 3.jpeg */,
				AE93EABD21B6C48800BA45C3 /* 5.jpeg */,
				AE93EAC521B6C93100BA45C3 /* 1.jpeg */,
				AE93EAB021B6C2E700BA45C3 /* Assets.xcassets */,
				AE93EAB221B6C2E700BA45C3 /* LaunchScreen.storyboard */,
				AE93EAB521B6C2E700BA45C3 /* Info.plist */,
			);
			path = nabeatsu;
			sourceTree = "<group>";
		};
/* End PBXGroup section */

/* Begin PBXNativeTarget section */
		AE93EAA521B6C2E400BA45C3 /* nabeatsu */ = {
			isa = PBXNativeTarget;
			buildConfigurationList = AE93EAB821B6C2E700BA45C3 /* Build configuration list for PBXNativeTarget "nabeatsu" */;
			buildPhases = (
				AE93EAA221B6C2E400BA45C3 /* Sources */,
				AE93EAA321B6C2E400BA45C3 /* Frameworks */,
				AE93EAA421B6C2E400BA45C3 /* Resources */,
			);
			buildRules = (
			);
			dependencies = (
			);
			name = nabeatsu;
			productName = nabeatsu;
			productReference = AE93EAA621B6C2E400BA45C3 /* nabeatsu.app */;
			productType = "com.apple.product-type.application";
		};
/* End PBXNativeTarget section */

/* Begin PBXProject section */
		AE93EA9E21B6C2E400BA45C3 /* Project object */ = {
			isa = PBXProject;
			attributes = {
				LastSwiftUpdateCheck = 1010;
				LastUpgradeCheck = 1010;
				ORGANIZATIONNAME = gon;
				TargetAttributes = {
					AE93EAA521B6C2E400BA45C3 = {
						CreatedOnToolsVersion = 10.1;
					};
				};
			};
			buildConfigurationList = AE93EAA121B6C2E400BA45C3 /* Build configuration list for PBXProject "nabeatsu" */;
			compatibilityVersion = "Xcode 9.3";
			developmentRegion = en;
			hasScannedForEncodings = 0;
			knownRegions = (
				en,
				Base,
			);
			mainGroup = AE93EA9D21B6C2E400BA45C3;
			productRefGroup = AE93EAA721B6C2E400BA45C3 /* Products */;
			projectDirPath = "";
			projectRoot = "";
			targets = (
				AE93EAA521B6C2E400BA45C3 /* nabeatsu */,
			);
		};
/* End PBXProject section */

/* Begin PBXResourcesBuildPhase section */
		AE93EAA421B6C2E400BA45C3 /* Resources */ = {
			isa = PBXResourcesBuildPhase;
			buildActionMask = 2147483647;
			files = (
				AE93EABF21B6C48800BA45C3 /* 3.jpeg in Resources */,
				AE93EAB421B6C2E700BA45C3 /* LaunchScreen.storyboard in Resources */,
				AE93EAC021B6C48800BA45C3 /* 5.jpeg in Resources */,
				AE93EAB121B6C2E700BA45C3 /* Assets.xcassets in Resources */,
				AE93EAC221B6C73000BA45C3 /* 15.jpeg in Resources */,
				AE93EAC621B6C93100BA45C3 /* 1.jpeg in Resources */,
				AE93EAAF21B6C2E400BA45C3 /* Main.storyboard in Resources */,
			);
			runOnlyForDeploymentPostprocessing = 0;
		};
/* End PBXResourcesBuildPhase section */

/* Begin PBXSourcesBuildPhase section */
		AE93EAA221B6C2E400BA45C3 /* Sources */ = {
			isa = PBXSourcesBuildPhase;
			buildActionMask = 2147483647;
			files = (
				AE93EAAC21B6C2E400BA45C3 /* ViewController.swift in Sources */,
				AE93EAAA21B6C2E400BA45C3 /* AppDelegate.swift in Sources */,
			);
			runOnlyForDeploymentPostprocessing = 0;
		};
/* End PBXSourcesBuildPhase section */

/* Begin PBXVariantGroup section */
		AE93EAAD21B6C2E400BA45C3 /* Main.storyboard */ = {
			isa = PBXVariantGroup;
			children = (
				AE93EAAE21B6C2E400BA45C3 /* Base */,
			);
			name = Main.storyboard;
			sourceTree = "<group>";
		};
		AE93EAB221B6C2E700BA45C3 /* LaunchScreen.storyboard */ = {
			isa = PBXVariantGroup;
			children = (
				AE93EAB321B6C2E700BA45C3 /* Base */,
			);
			name = LaunchScreen.storyboard;
			sourceTree = "<group>";
		};
/* End PBXVariantGroup section */

/* Begin XCBuildConfiguration section */
		AE93EAB621B6C2E700BA45C3 /* Debug */ = {
			isa = XCBuildConfiguration;
			buildSettings = {
				ALWAYS_SEARCH_USER_PATHS = NO;
				CLANG_ANALYZER_NONNULL = YES;
				CLANG_ANALYZER_NUMBER_OBJECT_CONVERSION = YES_AGGRESSIVE;
				CLANG_CXX_LANGUAGE_STANDARD = "gnu++14";
				CLANG_CXX_LIBRARY = "libc++";
				CLANG_ENABLE_MODULES = YES;
				CLANG_ENABLE_OBJC_ARC = YES;
				CLANG_ENABLE_OBJC_WEAK = YES;
				CLANG_WARN_BLOCK_CAPTURE_AUTORELEASING = YES;
				CLANG_WARN_BOOL_CONVERSION = YES;
				CLANG_WARN_COMMA = YES;
				CLANG_WARN_CONSTANT_CONVERSION = YES;
				CLANG_WARN_DEPRECATED_OBJC_IMPLEMENTATIONS = YES;
				CLANG_WARN_DIRECT_OBJC_ISA_USAGE = YES_ERROR;
				CLANG_WARN_DOCUMENTATION_COMMENTS = YES;
				CLANG_WARN_EMPTY_BODY = YES;
				CLANG_WARN_ENUM_CONVERSION = YES;
				CLANG_WARN_INFINITE_RECURSION = YES;
				CLANG_WARN_INT_CONVERSION = YES;
				CLANG_WARN_NON_LITERAL_NULL_CONVERSION = YES;
				CLANG_WARN_OBJC_IMPLICIT_RETAIN_SELF = YES;
				CLANG_WARN_OBJC_LITERAL_CONVERSION = YES;
				CLANG_WARN_OBJC_ROOT_CLASS = YES_ERROR;
				CLANG_WARN_RANGE_LOOP_ANALYSIS = YES;
				CLANG_WARN_STRICT_PROTOTYPES = YES;
				CLANG_WARN_SUSPICIOUS_MOVE = YES;
				CLANG_WARN_UNGUARDED_AVAILABILITY = YES_AGGRESSIVE;
				CLANG_WARN_UNREACHABLE_CODE = YES;
				CLANG_WARN__DUPLICATE_METHOD_MATCH = YES;
				CODE_SIGN_IDENTITY = "iPhone Developer";
				COPY_PHASE_STRIP = NO;
				DEBUG_INFORMATION_FORMAT = dwarf;
				ENABLE_STRICT_OBJC_MSGSEND = YES;
				ENABLE_TESTABILITY = YES;
				GCC_C_LANGUAGE_STANDARD = gnu11;
				GCC_DYNAMIC_NO_PIC = NO;
				GCC_NO_COMMON_BLOCKS = YES;
				GCC_OPTIMIZATION_LEVEL = 0;
				GCC_PREPROCESSOR_DEFINITIONS = (
					"DEBUG=1",
					"$(inherited)",
				);
				GCC_WARN_64_TO_32_BIT_CONVERSION = YES;
				GCC_WARN_ABOUT_RETURN_TYPE = YES_ERROR;
				GCC_WARN_UNDECLARED_SELECTOR = YES;
				GCC_WARN_UNINITIALIZED_AUTOS = YES_AGGRESSIVE;
				GCC_WARN_UNUSED_FUNCTION = YES;
				GCC_WARN_UNUSED_VARIABLE = YES;
				IPHONEOS_DEPLOYMENT_TARGET = 12.1;
				MTL_ENABLE_DEBUG_INFO = INCLUDE_SOURCE;
				MTL_FAST_MATH = YES;
				ONLY_ACTIVE_ARCH = YES;
				SDKROOT = iphoneos;
				SWIFT_ACTIVE_COMPILATION_CONDITIONS = DEBUG;
				SWIFT_OPTIMIZATION_LEVEL = "-Onone";
			};
			name = Debug;
		};
		AE93EAB721B6C2E700BA45C3 /* Release */ = {
			isa = XCBuildConfiguration;
			buildSettings = {
				ALWAYS_SEARCH_USER_PATHS = NO;
				CLANG_ANALYZER_NONNULL = YES;
				CLANG_ANALYZER_NUMBER_OBJECT_CONVERSION = YES_AGGRESSIVE;
				CLANG_CXX_LANGUAGE_STANDARD = "gnu++14";
				CLANG_CXX_LIBRARY = "libc++";
				CLANG_ENABLE_MODULES = YES;
				CLANG_ENABLE_OBJC_ARC = YES;
				CLANG_ENABLE_OBJC_WEAK = YES;
				CLANG_WARN_BLOCK_CAPTURE_AUTORELEASING = YES;
				CLANG_WARN_BOOL_CONVERSION = YES;
				CLANG_WARN_COMMA = YES;
				CLANG_WARN_CONSTANT_CONVERSION = YES;
				CLANG_WARN_DEPRECATED_OBJC_IMPLEMENTATIONS = YES;
				CLANG_WARN_DIRECT_OBJC_ISA_USAGE = YES_ERROR;
				CLANG_WARN_DOCUMENTATION_COMMENTS = YES;
				CLANG_WARN_EMPTY_BODY = YES;
				CLANG_WARN_ENUM_CONVERSION = YES;
				CLANG_WARN_INFINITE_RECURSION = YES;
				CLANG_WARN_INT_CONVERSION = YES;
				CLANG_WARN_NON_LITERAL_NULL_CONVERSION = YES;
				CLANG_WARN_OBJC_IMPLICIT_RETAIN_SELF = YES;
				CLANG_WARN_OBJC_LITERAL_CONVERSION = YES;
				CLANG_WARN_OBJC_ROOT_CLASS = YES_ERROR;
				CLANG_WARN_RANGE_LOOP_ANALYSIS = YES;
				CLANG_WARN_STRICT_PROTOTYPES = YES;
				CLANG_WARN_SUSPICIOUS_MOVE = YES;
				CLANG_WARN_UNGUARDED_AVAILABILITY = YES_AGGRESSIVE;
				CLANG_WARN_UNREACHABLE_CODE = YES;
				CLANG_WARN__DUPLICATE_METHOD_MATCH = YES;
				CODE_SIGN_IDENTITY = "iPhone Developer";
				COPY_PHASE_STRIP = NO;
				DEBUG_INFORMATION_FORMAT = "dwarf-with-dsym";
				ENABLE_NS_ASSERTIONS = NO;
				ENABLE_STRICT_OBJC_MSGSEND = YES;
				GCC_C_LANGUAGE_STANDARD = gnu11;
				GCC_NO_COMMON_BLOCKS = YES;
				GCC_WARN_64_TO_32_BIT_CONVERSION = YES;
				GCC_WARN_ABOUT_RETURN_TYPE = YES_ERROR;
				GCC_WARN_UNDECLARED_SELECTOR = YES;
				GCC_WARN_UNINITIALIZED_AUTOS = YES_AGGRESSIVE;
				GCC_WARN_UNUSED_FUNCTION = YES;
				GCC_WARN_UNUSED_VARIABLE = YES;
				IPHONEOS_DEPLOYMENT_TARGET = 12.1;
				MTL_ENABLE_DEBUG_INFO = NO;
				MTL_FAST_MATH = YES;
				SDKROOT = iphoneos;
				SWIFT_COMPILATION_MODE = wholemodule;
				SWIFT_OPTIMIZATION_LEVEL = "-O";
				VALIDATE_PRODUCT = YES;
			};
			name = Release;
		};
		AE93EAB921B6C2E700BA45C3 /* Debug */ = {
			isa = XCBuildConfiguration;
			buildSettings = {
				ASSETCATALOG_COMPILER_APPICON_NAME = AppIcon;
				CODE_SIGN_STYLE = Automatic;
				INFOPLIST_FILE = nabeatsu/Info.plist;
				LD_RUNPATH_SEARCH_PATHS = (
					"$(inherited)",
					"@executable_path/Frameworks",
				);
				PRODUCT_BUNDLE_IDENTIFIER = co.nabeatsu;
				PRODUCT_NAME = "$(TARGET_NAME)";
				SWIFT_VERSION = 4.2;
				TARGETED_DEVICE_FAMILY = "1,2";
			};
			name = Debug;
		};
		AE93EABA21B6C2E700BA45C3 /* Release */ = {
			isa = XCBuildConfiguration;
			buildSettings = {
				ASSETCATALOG_COMPILER_APPICON_NAME = AppIcon;
				CODE_SIGN_STYLE = Automatic;
				INFOPLIST_FILE = nabeatsu/Info.plist;
				LD_RUNPATH_SEARCH_PATHS = (
					"$(inherited)",
					"@executable_path/Frameworks",
				);
				PRODUCT_BUNDLE_IDENTIFIER = co.nabeatsu;
				PRODUCT_NAME = "$(TARGET_NAME)";
				SWIFT_VERSION = 4.2;
				TARGETED_DEVICE_FAMILY = "1,2";
			};
			name = Release;
		};
/* End XCBuildConfiguration section */

/* Begin XCConfigurationList section */
		AE93EAA121B6C2E400BA45C3 /* Build configuration list for PBXProject "nabeatsu" */ = {
			isa = XCConfigurationList;
			buildConfigurations = (
				AE93EAB621B6C2E700BA45C3 /* Debug */,
				AE93EAB721B6C2E700BA45C3 /* Release */,
			);
			defaultConfigurationIsVisible = 0;
			defaultConfigurationName = Release;
		};
		AE93EAB821B6C2E700BA45C3 /* Build configuration list for PBXNativeTarget "nabeatsu" */ = {
			isa = XCConfigurationList;
			buildConfigurations = (
				AE93EAB921B6C2E700BA45C3 /* Debug */,
				AE93EABA21B6C2E700BA45C3 /* Release */,
			);
			defaultConfigurationIsVisible = 0;
			defaultConfigurationName = Release;
		};
/* End XCConfigurationList section */
	};
	rootObject = AE93EA9E21B6C2E400BA45C3 /* Project object */;
}
